{
  "name": "oceanearn",
  "lockfileVersion": 3,
  "requires": true,
  "packages": {
    "": {
      "dependencies": {
        "@react-oauth/google": "^0.13.5",
        "framer-motion": "^12.38.0",
        "leaflet": "^1.9.4",
        "react-leaflet": "^5.0.0"
      }
    },
    "node_modules/@react-leaflet/core": {
      "version": "3.0.0",
      "resolved": "https://registry.npmjs.org/@react-leaflet/core/-/core-3.0.0.tgz",
      "integrity": "sha512-3EWmekh4Nz+pGcr+xjf0KNyYfC3U2JjnkWsh0zcqaexYqmmB5ZhH37kz41JXGmKzpaMZCnPofBBm64i+YrEvGQ==",
      "license": "Hippocratic-2.1",
      "peerDependencies": {
        "leaflet": "^1.9.0",
        "react": "^19.0.0",
        "react-dom": "^19.0.0"
      }
    },
    "node_modules/@react-oauth/google": {
      "version": "0.13.5",
      "resolved": "https://registry.npmjs.org/@react-oauth/google/-/google-0.13.5.tgz",
      "integrity": "sha512-xQWri2s/3nNekZJ4uuov2aAfQYu83bN3864KcFqw2pK1nNbFurQIjPFDXhWaKH3IjYJ2r/9yyIIpsn5lMqrheQ==",
      "license": "MIT",
      "peerDependencies": {
        "react": ">=16.8.0",
        "react-dom": ">=16.8.0"
      }
    },
    "node_modules/framer-motion": {
      "version": "12.38.0",
      "resolved": "https://registry.npmjs.org/framer-motion/-/framer-motion-12.38.0.tgz",
      "integrity": "sha512-rFYkY/pigbcswl1XQSb7q424kSTQ8q6eAC+YUsSKooHQYuLdzdHjrt6uxUC+PRAO++q5IS7+TamgIw1AphxR+g==",
      "license": "MIT",
      "dependencies": {
        "motion-dom": "^12.38.0",
        "motion-utils": "^12.36.0",
        "tslib": "^2.4.0"
      },
      "peerDependencies": {
        "@emotion/is-prop-valid": "*",
        "react": "^18.0.0 || ^19.0.0",
        "react-dom": "^18.0.0 || ^19.0.0"
      },
      "peerDependenciesMeta": {
        "@emotion/is-prop-valid": {
          "optional": true
        },
        "react": {
          "optional": true
        },
        "react-dom": {
          "optional": true
        }
      }
    },
    "node_modules/leaflet": {
      "version": "1.9.4",
      "resolved": "https://registry.npmjs.org/leaflet/-/leaflet-1.9.4.tgz",
      "integrity": "sha512-nxS1ynzJOmOlHp+iL3FyWqK89GtNL8U8rvlMOsQdTTssxZwCXh8N2NB3GDQOL+YR3XnWyZAxwQixURb+FA74PA==",
      "license": "BSD-2-Clause"
    },
    "node_modules/motion-dom": {
      "version": "12.38.0",
      "resolved": "https://registry.npmjs.org/motion-dom/-/motion-dom-12.38.0.tgz",
      "integrity": "sha512-pdkHLD8QYRp8VfiNLb8xIBJis1byQ9gPT3Jnh2jqfFtAsWUA3dEepDlsWe/xMpO8McV+VdpKVcp+E+TGJEtOoA==",
      "license": "MIT",
      "dependencies": {
        "motion-utils": "^12.36.0"
      }
    },
    "node_modules/motion-utils": {
      "version": "12.36.0",
      "resolved": "https://registry.npmjs.org/motion-utils/-/motion-utils-12.36.0.tgz",
      "integrity": "sha512-eHWisygbiwVvf6PZ1vhaHCLamvkSbPIeAYxWUuL3a2PD/TROgE7FvfHWTIH4vMl798QLfMw15nRqIaRDXTlYRg==",
      "license": "MIT"
    },
    "node_modules/react": {
      "version": "19.2.5",
      "resolved": "https://registry.npmjs.org/react/-/react-19.2.5.tgz",
      "integrity": "sha512-llUJLzz1zTUBrskt2pwZgLq59AemifIftw4aB7JxOqf1HY2FDaGDxgwpAPVzHU1kdWabH7FauP4i1oEeer2WCA==",
      "license": "MIT",
      "peer": true,
      "engines": {
        "node": ">=0.10.0"
      }
    },
    "node_modules/react-dom": {
      "version": "19.2.5",
      "resolved": "https://registry.npmjs.org/react-dom/-/react-dom-19.2.5.tgz",
      "integrity": "sha512-J5bAZz+DXMMwW/wV3xzKke59Af6CHY7G4uYLN1OvBcKEsWOs4pQExj86BBKamxl/Ik5bx9whOrvBlSDfWzgSag==",
      "license": "MIT",
      "peer": true,
      "dependencies": {
        "scheduler": "^0.27.0"
      },
      "peerDependencies": {
        "react": "^19.2.5"
      }
    },
    "node_modules/react-leaflet": {
      "version": "5.0.0",
      "resolved": "https://registry.npmjs.org/react-leaflet/-/react-leaflet-5.0.0.tgz",
      "integrity": "sha512-CWbTpr5vcHw5bt9i4zSlPEVQdTVcML390TjeDG0cK59z1ylexpqC6M1PJFjV8jD7CF+ACBFsLIDs6DRMoLEofw==",
      "license": "Hippocratic-2.1",
      "dependencies": {
        "@react-leaflet/core": "^3.0.0"
      },
      "peerDependencies": {
        "leaflet": "^1.9.0",
        "react": "^19.0.0",
        "react-dom": "^19.0.0"
      }
    },
    "node_modules/scheduler": {
      "version": "0.27.0",
      "resolved": "https://registry.npmjs.org/scheduler/-/scheduler-0.27.0.tgz",
      "integrity": "sha512-eNv+WrVbKu1f3vbYJT/xtiF5syA5HPIMtf9IgY/nKg0sWqzAUEvqY/xm7OcZc/qafLx/iO9FgOmeSAp4v5ti/Q==",
      "license": "MIT",
      "peer": true
    },
    "node_modules/tslib": {
      "version": "2.8.1",
      "resolved": "https://registry.npmjs.org/tslib/-/tslib-2.8.1.tgz",
      "integrity": "sha512-oJFu94HQb+KVduSUQL7wnpmqnfmLsOA/nAh6b6EH0wCEoK0/mPeXU6c3wKDV83MkOuHPRHtSXKKU99IBazS/2w==",
      "license": "0BSD"
    }
  }
}
